// !$*UTF8*$!
{
	archiveVersion = 1;
	classes = {
	};
	objectVersion = 55;
	objects = {

/* Begin PBXBuildFile section */
		9299858F28C6250000B5B95D /* AppDelegate.swift in Sources */ = {isa = PBXBuildFile; fileRef = 9299858E28C6250000B5B95D /* AppDelegate.swift */; };
		9299859128C6250000B5B95D /* SceneDelegate.swift in Sources */ = {isa = PBXBuildFile; fileRef = 9299859028C6250000B5B95D /* SceneDelegate.swift */; };
		9299859328C6250000B5B95D /* ViewController.swift in Sources */ = {isa = PBXBuildFile; fileRef = 9299859228C6250000B5B95D /* ViewController.swift */; };
		9299859828C6250200B5B95D /* Assets.xcassets in Resources */ = {isa = PBXBuildFile; fileRef = 9299859728C6250200B5B95D /* Assets.xcassets */; };
		9299859B28C6250200B5B95D /* LaunchScreen.storyboard in Resources */ = {isa = PBXBuildFile; fileRef = 9299859928C6250200B5B95D /* LaunchScreen.storyboard */; };
		929985A728C6281500B5B95D /* CalcService.swift in Sources */ = {isa = PBXBuildFile; fileRef = 929985A628C6281500B5B95D /* CalcService.swift */; };
		929985A928C6290F00B5B95D /* Operations.swift in Sources */ = {isa = PBXBuildFile; fileRef = 929985A828C6290F00B5B95D /* Operations.swift */; };
		929985AB28C62ED200B5B95D /* Constants.swift in Sources */ = {isa = PBXBuildFile; fileRef = 929985AA28C62ED200B5B95D /* Constants.swift */; };
		929985AD28C750B400B5B95D /* AppColors.swift in Sources */ = {isa = PBXBuildFile; fileRef = 929985AC28C750B400B5B95D /* AppColors.swift */; };
/* End PBXBuildFile section */

/* Begin PBXFileReference section */
		9299858B28C6250000B5B95D /* SimpleCalcFBL.app */ = {isa = PBXFileReference; explicitFileType = wrapper.application; includeInIndex = 0; path = SimpleCalcFBL.app; sourceTree = BUILT_PRODUCTS_DIR; };
		9299858E28C6250000B5B95D /* AppDelegate.swift */ = {isa = PBXFileReference; lastKnownFileType = sourcecode.swift; path = AppDelegate.swift; sourceTree = "<group>"; };
		9299859028C6250000B5B95D /* SceneDelegate.swift */ = {isa = PBXFileReference; lastKnownFileType = sourcecode.swift; path = SceneDelegate.swift; sourceTree = "<group>"; };
		9299859228C6250000B5B95D /* ViewController.swift */ = {isa = PBXFileReference; lastKnownFileType = sourcecode.swift; path = ViewController.swift; sourceTree = "<group>"; };
		9299859728C6250200B5B95D /* Assets.xcassets */ = {isa = PBXFileReference; lastKnownFileType = folder.assetcatalog; path = Assets.xcassets; sourceTree = "<group>"; };
		9299859A28C6250200B5B95D /* Base */ = {isa = PBXFileReference; lastKnownFileType = file.storyboard; name = Base; path = Base.lproj/LaunchScreen.storyboard; sourceTree = "<group>"; };
		9299859C28C6250300B5B95D /* Info.plist */ = {isa = PBXFileReference; lastKnownFileType = text.plist.xml; path = Info.plist; sourceTree = "<group>"; };
		929985A628C6281500B5B95D /* CalcService.swift */ = {isa = PBXFileReference; lastKnownFileType = sourcecode.swift; path = CalcService.swift; sourceTree = "<group>"; };
		929985A828C6290F00B5B95D /* Operations.swift */ = {isa = PBXFileReference; lastKnownFileType = sourcecode.swift; path = Operations.swift; sourceTree = "<group>"; };
		929985AA28C62ED200B5B95D /* Constants.swift */ = {isa = PBXFileReference; lastKnownFileType = sourcecode.swift; path = Constants.swift; sourceTree = "<group>"; };
		929985AC28C750B400B5B95D /* AppColors.swift */ = {isa = PBXFileReference; lastKnownFileType = sourcecode.swift; path = AppColors.swift; sourceTree = "<group>"; };
/* End PBXFileReference section */

/* Begin PBXFrameworksBuildPhase section */
		9299858828C6250000B5B95D /* Frameworks */ = {
			isa = PBXFrameworksBuildPhase;
			buildActionMask = 2147483647;
			files = (
			);
			runOnlyForDeploymentPostprocessing = 0;
		};
/* End PBXFrameworksBuildPhase section */

/* Begin PBXGroup section */
		9299858228C6250000B5B95D = {
			isa = PBXGroup;
			children = (
				9299858D28C6250000B5B95D /* SimpleCalcFBL */,
				9299858C28C6250000B5B95D /* Products */,
			);
			sourceTree = "<group>";
		};
		9299858C28C6250000B5B95D /* Products */ = {
			isa = PBXGroup;
			children = (
				9299858B28C6250000B5B95D /* SimpleCalcFBL.app */,
			);
			name = Products;
			sourceTree = "<group>";
		};
		9299858D28C6250000B5B95D /* SimpleCalcFBL */ = {
			isa = PBXGroup;
			children = (
				929985A428C6278400B5B95D /* App */,
				929985A328C6276800B5B95D /* Models */,
				929985A228C6275700B5B95D /* ViewControllers */,
				9299859728C6250200B5B95D /* Assets.xcassets */,
				9299859C28C6250300B5B95D /* Info.plist */,
			);
			path = SimpleCalcFBL;
			sourceTree = "<group>";
		};
		929985A228C6275700B5B95D /* ViewControllers */ = {
			isa = PBXGroup;
			children = (
				929985A528C627CA00B5B95D /* MainView */,
				9299859928C6250200B5B95D /* LaunchScreen.storyboard */,
			);
			path = ViewControllers;
			sourceTree = "<group>";
		};
		929985A328C6276800B5B95D /* Models */ = {
			isa = PBXGroup;
			children = (
				929985A628C6281500B5B95D /* CalcService.swift */,
				929985A828C6290F00B5B95D /* Operations.swift */,
				929985AA28C62ED200B5B95D /* Constants.swift */,
				929985AC28C750B400B5B95D /* AppColors.swift */,
			);
			path = Models;
			sourceTree = "<group>";
		};
		929985A428C6278400B5B95D /* App */ = {
			isa = PBXGroup;
			children = (
				9299858E28C6250000B5B95D /* AppDelegate.swift */,
				9299859028C6250000B5B95D /* SceneDelegate.swift */,
			);
			path = App;
			sourceTree = "<group>";
		};
		929985A528C627CA00B5B95D /* MainView */ = {
			isa = PBXGroup;
			children = (
				9299859228C6250000B5B95D /* ViewController.swift */,
			);
			path = MainView;
			sourceTree = "<group>";
		};
/* End PBXGroup section */

/* Begin PBXNativeTarget section */
		9299858A28C6250000B5B95D /* SimpleCalcFBL */ = {
			isa = PBXNativeTarget;
			buildConfigurationList = 9299859F28C6250300B5B95D /* Build configuration list for PBXNativeTarget "SimpleCalcFBL" */;
			buildPhases = (
				9299858728C6250000B5B95D /* Sources */,
				9299858828C6250000B5B95D /* Frameworks */,
				9299858928C6250000B5B95D /* Resources */,
			);
			buildRules = (
			);
			dependencies = (
			);
			name = SimpleCalcFBL;
			productName = SimpleCalcFBL;
			productReference = 9299858B28C6250000B5B95D /* SimpleCalcFBL.app */;
			productType = "com.apple.product-type.application";
		};
/* End PBXNativeTarget section */

/* Begin PBXProject section */
		9299858328C6250000B5B95D /* Project object */ = {
			isa = PBXProject;
			attributes = {
				BuildIndependentTargetsInParallel = 1;
				LastSwiftUpdateCheck = 1340;
				LastUpgradeCheck = 1340;
				TargetAttributes = {
					9299858A28C6250000B5B95D = {
						CreatedOnToolsVersion = 13.4.1;
					};
				};
			};
			buildConfigurationList = 9299858628C6250000B5B95D /* Build configuration list for PBXProject "SimpleCalcFBL" */;
			compatibilityVersion = "Xcode 13.0";
			developmentRegion = en;
			hasScannedForEncodings = 0;
			knownRegions = (
				en,
				Base,
			);
			mainGroup = 9299858228C6250000B5B95D;
			productRefGroup = 9299858C28C6250000B5B95D /* Products */;
			projectDirPath = "";
			projectRoot = "";
			targets = (
				9299858A28C6250000B5B95D /* SimpleCalcFBL */,
			);
		};
/* End PBXProject section */

/* Begin PBXResourcesBuildPhase section */
		9299858928C6250000B5B95D /* Resources */ = {
			isa = PBXResourcesBuildPhase;
			buildActionMask = 2147483647;
			files = (
				9299859B28C6250200B5B95D /* LaunchScreen.storyboard in Resources */,
				9299859828C6250200B5B95D /* Assets.xcassets in Resources */,
			);
			runOnlyForDeploymentPostprocessing = 0;
		};
/* End PBXResourcesBuildPhase section */

/* Begin PBXSourcesBuildPhase section */
		9299858728C6250000B5B95D /* Sources */ = {
			isa = PBXSourcesBuildPhase;
			buildActionMask = 2147483647;
			files = (
				929985A728C6281500B5B95D /* CalcService.swift in Sources */,
				9299859328C6250000B5B95D /* ViewController.swift in Sources */,
				9299858F28C6250000B5B95D /* AppDelegate.swift in Sources */,
				9299859128C6250000B5B95D /* SceneDelegate.swift in Sources */,
				929985AD28C750B400B5B95D /* AppColors.swift in Sources */,
				929985A928C6290F00B5B95D /* Operations.swift in Sources */,
				929985AB28C62ED200B5B95D /* Constants.swift in Sources */,
			);
			runOnlyForDeploymentPostprocessing = 0;
		};
/* End PBXSourcesBuildPhase section */

/* Begin PBXVariantGroup section */
		9299859928C6250200B5B95D /* LaunchScreen.storyboard */ = {
			isa = PBXVariantGroup;
			children = (
				9299859A28C6250200B5B95D /* Base */,
			);
			name = LaunchScreen.storyboard;
			sourceTree = "<group>";
		};
/* End PBXVariantGroup section */

/* Begin XCBuildConfiguration section */
		9299859D28C6250300B5B95D /* Debug */ = {
			isa = XCBuildConfiguration;
			buildSettings = {
				ALWAYS_SEARCH_USER_PATHS = NO;
				CLANG_ANALYZER_NONNULL = YES;
				CLANG_ANALYZER_NUMBER_OBJECT_CONVERSION = YES_AGGRESSIVE;
				CLANG_CXX_LANGUAGE_STANDARD = "gnu++17";
				CLANG_ENABLE_MODULES = YES;
				CLANG_ENABLE_OBJC_ARC = YES;
				CLANG_ENABLE_OBJC_WEAK = YES;
				CLANG_WARN_BLOCK_CAPTURE_AUTORELEASING = YES;
				CLANG_WARN_BOOL_CONVERSION = YES;
				CLANG_WARN_COMMA = YES;
				CLANG_WARN_CONSTANT_CONVERSION = YES;
				CLANG_WARN_DEPRECATED_OBJC_IMPLEMENTATIONS = YES;
				CLANG_WARN_DIRECT_OBJC_ISA_USAGE = YES_ERROR;
				CLANG_WARN_DOCUMENTATION_COMMENTS = YES;
				CLANG_WARN_EMPTY_BODY = YES;
				CLANG_WARN_ENUM_CONVERSION = YES;
				CLANG_WARN_INFINITE_RECURSION = YES;
				CLANG_WARN_INT_CONVERSION = YES;
				CLANG_WARN_NON_LITERAL_NULL_CONVERSION = YES;
				CLANG_WARN_OBJC_IMPLICIT_RETAIN_SELF = YES;
				CLANG_WARN_OBJC_LITERAL_CONVERSION = YES;
				CLANG_WARN_OBJC_ROOT_CLASS = YES_ERROR;
				CLANG_WARN_QUOTED_INCLUDE_IN_FRAMEWORK_HEADER = YES;
				CLANG_WARN_RANGE_LOOP_ANALYSIS = YES;
				CLANG_WARN_STRICT_PROTOTYPES = YES;
				CLANG_WARN_SUSPICIOUS_MOVE = YES;
				CLANG_WARN_UNGUARDED_AVAILABILITY = YES_AGGRESSIVE;
				CLANG_WARN_UNREACHABLE_CODE = YES;
				CLANG_WARN__DUPLICATE_METHOD_MATCH = YES;
				COPY_PHASE_STRIP = NO;
				DEBUG_INFORMATION_FORMAT = dwarf;
				ENABLE_STRICT_OBJC_MSGSEND = YES;
				ENABLE_TESTABILITY = YES;
				GCC_C_LANGUAGE_STANDARD = gnu11;
				GCC_DYNAMIC_NO_PIC = NO;
				GCC_NO_COMMON_BLOCKS = YES;
				GCC_OPTIMIZATION_LEVEL = 0;
				GCC_PREPROCESSOR_DEFINITIONS = (
					"DEBUG=1",
					"$(inherited)",
				);
				GCC_WARN_64_TO_32_BIT_CONVERSION = YES;
				GCC_WARN_ABOUT_RETURN_TYPE = YES_ERROR;
				GCC_WARN_UNDECLARED_SELECTOR = YES;
				GCC_WARN_UNINITIALIZED_AUTOS = YES_AGGRESSIVE;
				GCC_WARN_UNUSED_FUNCTION = YES;
				GCC_WARN_UNUSED_VARIABLE = YES;
				IPHONEOS_DEPLOYMENT_TARGET = 15.5;
				MTL_ENABLE_DEBUG_INFO = INCLUDE_SOURCE;
				MTL_FAST_MATH = YES;
				ONLY_ACTIVE_ARCH = YES;
				SDKROOT = iphoneos;
				SWIFT_ACTIVE_COMPILATION_CONDITIONS = DEBUG;
				SWIFT_OPTIMIZATION_LEVEL = "-Onone";
			};
			name = Debug;
		};
		9299859E28C6250300B5B95D /* Release */ = {
			isa = XCBuildConfiguration;
			buildSettings = {
				ALWAYS_SEARCH_USER_PATHS = NO;
				CLANG_ANALYZER_NONNULL = YES;
				CLANG_ANALYZER_NUMBER_OBJECT_CONVERSION = YES_AGGRESSIVE;
				CLANG_CXX_LANGUAGE_STANDARD = "gnu++17";
				CLANG_ENABLE_MODULES = YES;
				CLANG_ENABLE_OBJC_ARC = YES;
				CLANG_ENABLE_OBJC_WEAK = YES;
				CLANG_WARN_BLOCK_CAPTURE_AUTORELEASING = YES;
				CLANG_WARN_BOOL_CONVERSION = YES;
				CLANG_WARN_COMMA = YES;
				CLANG_WARN_CONSTANT_CONVERSION = YES;
				CLANG_WARN_DEPRECATED_OBJC_IMPLEMENTATIONS = YES;
				CLANG_WARN_DIRECT_OBJC_ISA_USAGE = YES_ERROR;
				CLANG_WARN_DOCUMENTATION_COMMENTS = YES;
				CLANG_WARN_EMPTY_BODY = YES;
				CLANG_WARN_ENUM_CONVERSION = YES;
				CLANG_WARN_INFINITE_RECURSION = YES;
				CLANG_WARN_INT_CONVERSION = YES;
				CLANG_WARN_NON_LITERAL_NULL_CONVERSION = YES;
				CLANG_WARN_OBJC_IMPLICIT_RETAIN_SELF = YES;
				CLANG_WARN_OBJC_LITERAL_CONVERSION = YES;
				CLANG_WARN_OBJC_ROOT_CLASS = YES_ERROR;
				CLANG_WARN_QUOTED_INCLUDE_IN_FRAMEWORK_HEADER = YES;
				CLANG_WARN_RANGE_LOOP_ANALYSIS = YES;
				CLANG_WARN_STRICT_PROTOTYPES = YES;
				CLANG_WARN_SUSPICIOUS_MOVE = YES;
				CLANG_WARN_UNGUARDED_AVAILABILITY = YES_AGGRESSIVE;
				CLANG_WARN_UNREACHABLE_CODE = YES;
				CLANG_WARN__DUPLICATE_METHOD_MATCH = YES;
				COPY_PHASE_STRIP = NO;
				DEBUG_INFORMATION_FORMAT = "dwarf-with-dsym";
				ENABLE_NS_ASSERTIONS = NO;
				ENABLE_STRICT_OBJC_MSGSEND = YES;
				GCC_C_LANGUAGE_STANDARD = gnu11;
				GCC_NO_COMMON_BLOCKS = YES;
				GCC_WARN_64_TO_32_BIT_CONVERSION = YES;
				GCC_WARN_ABOUT_RETURN_TYPE = YES_ERROR;
				GCC_WARN_UNDECLARED_SELECTOR = YES;
				GCC_WARN_UNINITIALIZED_AUTOS = YES_AGGRESSIVE;
				GCC_WARN_UNUSED_FUNCTION = YES;
				GCC_WARN_UNUSED_VARIABLE = YES;
				IPHONEOS_DEPLOYMENT_TARGET = 15.5;
				MTL_ENABLE_DEBUG_INFO = NO;
				MTL_FAST_MATH = YES;
				SDKROOT = iphoneos;
				SWIFT_COMPILATION_MODE = wholemodule;
				SWIFT_OPTIMIZATION_LEVEL = "-O";
				VALIDATE_PRODUCT = YES;
			};
			name = Release;
		};
		929985A028C6250300B5B95D /* Debug */ = {
			isa = XCBuildConfiguration;
			buildSettings = {
				ASSETCATALOG_COMPILER_APPICON_NAME = AppIcon;
				ASSETCATALOG_COMPILER_GLOBAL_ACCENT_COLOR_NAME = AccentColor;
				CODE_SIGN_STYLE = Automatic;
				CURRENT_PROJECT_VERSION = 1;
				DEVELOPMENT_TEAM = B9UD5PWR3N;
				GENERATE_INFOPLIST_FILE = YES;
				INFOPLIST_FILE = SimpleCalcFBL/Info.plist;
				INFOPLIST_KEY_UIApplicationSupportsIndirectInputEvents = YES;
				INFOPLIST_KEY_UILaunchStoryboardName = LaunchScreen;
				INFOPLIST_KEY_UISupportedInterfaceOrientations_iPad = "UIInterfaceOrientationPortrait UIInterfaceOrientationPortraitUpsideDown UIInterfaceOrientationLandscapeLeft UIInterfaceOrientationLandscapeRight";
				INFOPLIST_KEY_UISupportedInterfaceOrientations_iPhone = "UIInterfaceOrientationPortrait UIInterfaceOrientationLandscapeLeft UIInterfaceOrientationLandscapeRight";
				LD_RUNPATH_SEARCH_PATHS = (
					"$(inherited)",
					"@executable_path/Frameworks",
				);
				MARKETING_VERSION = 1.0;
				PRODUCT_BUNDLE_IDENTIFIER = ru.fsbisan.SimpleCalcFBL;
				PRODUCT_NAME = "$(TARGET_NAME)";
				SWIFT_EMIT_LOC_STRINGS = YES;
				SWIFT_VERSION = 5.0;
				TARGETED_DEVICE_FAMILY = 1;
			};
			name = Debug;
		};
		929985A128C6250300B5B95D /* Release */ = {
			isa = XCBuildConfiguration;
			buildSettings = {
				ASSETCATALOG_COMPILER_APPICON_NAME = AppIcon;
				ASSETCATALOG_COMPILER_GLOBAL_ACCENT_COLOR_NAME = AccentColor;
				CODE_SIGN_STYLE = Automatic;
				CURRENT_PROJECT_VERSION = 1;
				DEVELOPMENT_TEAM = B9UD5PWR3N;
				GENERATE_INFOPLIST_FILE = YES;
				INFOPLIST_FILE = SimpleCalcFBL/Info.plist;
				INFOPLIST_KEY_UIApplicationSupportsIndirectInputEvents = YES;
				INFOPLIST_KEY_UILaunchStoryboardName = LaunchScreen;
				INFOPLIST_KEY_UISupportedInterfaceOrientations_iPad = "UIInterfaceOrientationPortrait UIInterfaceOrientationPortraitUpsideDown UIInterfaceOrientationLandscapeLeft UIInterfaceOrientationLandscapeRight";
				INFOPLIST_KEY_UISupportedInterfaceOrientations_iPhone = "UIInterfaceOrientationPortrait UIInterfaceOrientationLandscapeLeft UIInterfaceOrientationLandscapeRight";
				LD_RUNPATH_SEARCH_PATHS = (
					"$(inherited)",
					"@executable_path/Frameworks",
				);
				MARKETING_VERSION = 1.0;
				PRODUCT_BUNDLE_IDENTIFIER = ru.fsbisan.SimpleCalcFBL;
				PRODUCT_NAME = "$(TARGET_NAME)";
				SWIFT_EMIT_LOC_STRINGS = YES;
				SWIFT_VERSION = 5.0;
				TARGETED_DEVICE_FAMILY = 1;
			};
			name = Release;
		};
/* End XCBuildConfiguration section */

/* Begin XCConfigurationList section */
		9299858628C6250000B5B95D /* Build configuration list for PBXProject "SimpleCalcFBL" */ = {
			isa = XCConfigurationList;
			buildConfigurations = (
				9299859D28C6250300B5B95D /* Debug */,
				9299859E28C6250300B5B95D /* Release */,
			);
			defaultConfigurationIsVisible = 0;
			defaultConfigurationName = Release;
		};
		9299859F28C6250300B5B95D /* Build configuration list for PBXNativeTarget "SimpleCalcFBL" */ = {
			isa = XCConfigurationList;
			buildConfigurations = (
				929985A028C6250300B5B95D /* Debug */,
				929985A128C6250300B5B95D /* Release */,
			);
			defaultConfigurationIsVisible = 0;
			defaultConfigurationName = Release;
		};
/* End XCConfigurationList section */
	};
	rootObject = 9299858328C6250000B5B95D /* Project object */;
}
